
Microsoft Visual Studio Solution File, Format Version 12.00
# Visual Studio Version 17
VisualStudioVersion = 17.0.31903.59
MinimumVisualStudioVersion = 10.0.40219.1
Project("{2150E333-8FDC-42A3-9474-1A3956D46DE8}") = "src", "src", "{827E0CD3-B72D-47B6-A68D-7590B98EB39B}"
EndProject
Project("{FAE04EC0-301F-11D3-BF4B-00C04F79EFBC}") = "UserService", "src\UserService\UserService.csproj", "{DBF0934D-F62A-443E-87A6-E538FB7B625C}"
EndProject
Project("{FAE04EC0-301F-11D3-BF4B-00C04F79EFBC}") = "BookingService", "src\BookingService\BookingService.csproj", "{2FED7AA5-AB72-42F1-AF39-4D41EAFBC3B8}"
EndProject
Project("{FAE04EC0-301F-11D3-BF4B-00C04F79EFBC}") = "PaymentService", "src\PaymentService\PaymentService.csproj", "{B8688AC9-311F-4036-AB7A-D25B0087BB5B}"
EndProject
Project("{FAE04EC0-301F-11D3-BF4B-00C04F79EFBC}") = "ApiGateway", "src\ApiGateway\ApiGateway.csproj", "{4018E906-7655-486F-8726-3852C6A058E7}"
EndProject
Project("{FAE04EC0-301F-11D3-BF4B-00C04F79EFBC}") = "Shared", "src\Shared\Shared.csproj", "{377F218C-457D-4625-A5EA-1BF3D53B7824}"
EndProject
Global
	GlobalSection(SolutionConfigurationPlatforms) = preSolution
		Debug|Any CPU = Debug|Any CPU
		Debug|x64 = Debug|x64
		Debug|x86 = Debug|x86
		Release|Any CPU = Release|Any CPU
		Release|x64 = Release|x64
		Release|x86 = Release|x86
	EndGlobalSection
	GlobalSection(ProjectConfigurationPlatforms) = postSolution
		{DBF0934D-F62A-443E-87A6-E538FB7B625C}.Debug|Any CPU.ActiveCfg = Debug|Any CPU
		{DBF0934D-F62A-443E-87A6-E538FB7B625C}.Debug|Any CPU.Build.0 = Debug|Any CPU
		{DBF0934D-F62A-443E-87A6-E538FB7B625C}.Debug|x64.ActiveCfg = Debug|Any CPU
		{DBF0934D-F62A-443E-87A6-E538FB7B625C}.Debug|x64.Build.0 = Debug|Any CPU
		{DBF0934D-F62A-443E-87A6-E538FB7B625C}.Debug|x86.ActiveCfg = Debug|Any CPU
		{DBF0934D-F62A-443E-87A6-E538FB7B625C}.Debug|x86.Build.0 = Debug|Any CPU
		{DBF0934D-F62A-443E-87A6-E538FB7B625C}.Release|Any CPU.ActiveCfg = Release|Any CPU
		{DBF0934D-F62A-443E-87A6-E538FB7B625C}.Release|Any CPU.Build.0 = Release|Any CPU
		{DBF0934D-F62A-443E-87A6-E538FB7B625C}.Release|x64.ActiveCfg = Release|Any CPU
		{DBF0934D-F62A-443E-87A6-E538FB7B625C}.Release|x64.Build.0 = Release|Any CPU
		{DBF0934D-F62A-443E-87A6-E538FB7B625C}.Release|x86.ActiveCfg = Release|Any CPU
		{DBF0934D-F62A-443E-87A6-E538FB7B625C}.Release|x86.Build.0 = Release|Any CPU
		{2FED7AA5-AB72-42F1-AF39-4D41EAFBC3B8}.Debug|Any CPU.ActiveCfg = Debug|Any CPU
		{2FED7AA5-AB72-42F1-AF39-4D41EAFBC3B8}.Debug|Any CPU.Build.0 = Debug|Any CPU
		{2FED7AA5-AB72-42F1-AF39-4D41EAFBC3B8}.Debug|x64.ActiveCfg = Debug|Any CPU
		{2FED7AA5-AB72-42F1-AF39-4D41EAFBC3B8}.Debug|x64.Build.0 = Debug|Any CPU
		{2FED7AA5-AB72-42F1-AF39-4D41EAFBC3B8}.Debug|x86.ActiveCfg = Debug|Any CPU
		{2FED7AA5-AB72-42F1-AF39-4D41EAFBC3B8}.Debug|x86.Build.0 = Debug|Any CPU
		{2FED7AA5-AB72-42F1-AF39-4D41EAFBC3B8}.Release|Any CPU.ActiveCfg = Release|Any CPU
		{2FED7AA5-AB72-42F1-AF39-4D41EAFBC3B8}.Release|Any CPU.Build.0 = Release|Any CPU
		{2FED7AA5-AB72-42F1-AF39-4D41EAFBC3B8}.Release|x64.ActiveCfg = Release|Any CPU
		{2FED7AA5-AB72-42F1-AF39-4D41EAFBC3B8}.Release|x64.Build.0 = Release|Any CPU
		{2FED7AA5-AB72-42F1-AF39-4D41EAFBC3B8}.Release|x86.ActiveCfg = Release|Any CPU
		{2FED7AA5-AB72-42F1-AF39-4D41EAFBC3B8}.Release|x86.Build.0 = Release|Any CPU
		{B8688AC9-311F-4036-AB7A-D25B0087BB5B}.Debug|Any CPU.ActiveCfg = Debug|Any CPU
		{B8688AC9-311F-4036-AB7A-D25B0087BB5B}.Debug|Any CPU.Build.0 = Debug|Any CPU
		{B8688AC9-311F-4036-AB7A-D25B0087BB5B}.Debug|x64.ActiveCfg = Debug|Any CPU
		{B8688AC9-311F-4036-AB7A-D25B0087BB5B}.Debug|x64.Build.0 = Debug|Any CPU
		{B8688AC9-311F-4036-AB7A-D25B0087BB5B}.Debug|x86.ActiveCfg = Debug|Any CPU
		{B8688AC9-311F-4036-AB7A-D25B0087BB5B}.Debug|x86.Build.0 = Debug|Any CPU
		{B8688AC9-311F-4036-AB7A-D25B0087BB5B}.Release|Any CPU.ActiveCfg = Release|Any CPU
		{B8688AC9-311F-4036-AB7A-D25B0087BB5B}.Release|Any CPU.Build.0 = Release|Any CPU
		{B8688AC9-311F-4036-AB7A-D25B0087BB5B}.Release|x64.ActiveCfg = Release|Any CPU
		{B8688AC9-311F-4036-AB7A-D25B0087BB5B}.Release|x64.Build.0 = Release|Any CPU
		{B8688AC9-311F-4036-AB7A-D25B0087BB5B}.Release|x86.ActiveCfg = Release|Any CPU
		{B8688AC9-311F-4036-AB7A-D25B0087BB5B}.Release|x86.Build.0 = Release|Any CPU
		{4018E906-7655-486F-8726-3852C6A058E7}.Debug|Any CPU.ActiveCfg = Debug|Any CPU
		{4018E906-7655-486F-8726-3852C6A058E7}.Debug|Any CPU.Build.0 = Debug|Any CPU
		{4018E906-7655-486F-8726-3852C6A058E7}.Debug|x64.ActiveCfg = Debug|Any CPU
		{4018E906-7655-486F-8726-3852C6A058E7}.Debug|x64.Build.0 = Debug|Any CPU
		{4018E906-7655-486F-8726-3852C6A058E7}.Debug|x86.ActiveCfg = Debug|Any CPU
		{4018E906-7655-486F-8726-3852C6A058E7}.Debug|x86.Build.0 = Debug|Any CPU
		{4018E906-7655-486F-8726-3852C6A058E7}.Release|Any CPU.ActiveCfg = Release|Any CPU
		{4018E906-7655-486F-8726-3852C6A058E7}.Release|Any CPU.Build.0 = Release|Any CPU
		{4018E906-7655-486F-8726-3852C6A058E7}.Release|x64.ActiveCfg = Release|Any CPU
		{4018E906-7655-486F-8726-3852C6A058E7}.Release|x64.Build.0 = Release|Any CPU
		{4018E906-7655-486F-8726-3852C6A058E7}.Release|x86.ActiveCfg = Release|Any CPU
		{4018E906-7655-486F-8726-3852C6A058E7}.Release|x86.Build.0 = Release|Any CPU
		{377F218C-457D-4625-A5EA-1BF3D53B7824}.Debug|Any CPU.ActiveCfg = Debug|Any CPU
		{377F218C-457D-4625-A5EA-1BF3D53B7824}.Debug|Any CPU.Build.0 = Debug|Any CPU
		{377F218C-457D-4625-A5EA-1BF3D53B7824}.Debug|x64.ActiveCfg = Debug|Any CPU
		{377F218C-457D-4625-A5EA-1BF3D53B7824}.Debug|x64.Build.0 = Debug|Any CPU
		{377F218C-457D-4625-A5EA-1BF3D53B7824}.Debug|x86.ActiveCfg = Debug|Any CPU
		{377F218C-457D-4625-A5EA-1BF3D53B7824}.Debug|x86.Build.0 = Debug|Any CPU
		{377F218C-457D-4625-A5EA-1BF3D53B7824}.Release|Any CPU.ActiveCfg = Release|Any CPU
		{377F218C-457D-4625-A5EA-1BF3D53B7824}.Release|Any CPU.Build.0 = Release|Any CPU
		{377F218C-457D-4625-A5EA-1BF3D53B7824}.Release|x64.ActiveCfg = Release|Any CPU
		{377F218C-457D-4625-A5EA-1BF3D53B7824}.Release|x64.Build.0 = Release|Any CPU
		{377F218C-457D-4625-A5EA-1BF3D53B7824}.Release|x86.ActiveCfg = Release|Any CPU
		{377F218C-457D-4625-A5EA-1BF3D53B7824}.Release|x86.Build.0 = Release|Any CPU
	EndGlobalSection
	GlobalSection(SolutionProperties) = preSolution
		HideSolutionNode = FALSE
	EndGlobalSection
	GlobalSection(NestedProjects) = preSolution
		{DBF0934D-F62A-443E-87A6-E538FB7B625C} = {827E0CD3-B72D-47B6-A68D-7590B98EB39B}
		{2FED7AA5-AB72-42F1-AF39-4D41EAFBC3B8} = {827E0CD3-B72D-47B6-A68D-7590B98EB39B}
		{B8688AC9-311F-4036-AB7A-D25B0087BB5B} = {827E0CD3-B72D-47B6-A68D-7590B98EB39B}
		{4018E906-7655-486F-8726-3852C6A058E7} = {827E0CD3-B72D-47B6-A68D-7590B98EB39B}
		{377F218C-457D-4625-A5EA-1BF3D53B7824} = {827E0CD3-B72D-47B6-A68D-7590B98EB39B}
	EndGlobalSection
EndGlobal
